
Microsoft Visual Studio Solution File, Format Version 12.00
# Visual Studio Version 17
VisualStudioVersion = 17.0.31903.59
MinimumVisualStudioVersion = 10.0.40219.1
Project("{FAE04EC0-301F-11D3-BF4B-00C04F79EFBC}") = "PdPools", "PdPools\PdPools.csproj", "{443610D6-418B-4AEA-95A6-B11D14F382CD}"
EndProject
Project("{FAE04EC0-301F-11D3-BF4B-00C04F79EFBC}") = "PdPools.Tests", "PdPools.Tests\PdPools.Tests.csproj", "{6DBD36A4-C36D-4D56-8106-5B3F8A151C0E}"
EndProject
Global
	GlobalSection(SolutionConfigurationPlatforms) = preSolution
		Debug|Any CPU = Debug|Any CPU
		Release|Any CPU = Release|Any CPU
	EndGlobalSection
	GlobalSection(SolutionProperties) = preSolution
		HideSolutionNode = FALSE
	EndGlobalSection
	GlobalSection(ProjectConfigurationPlatforms) = postSolution
		{443610D6-418B-4AEA-95A6-B11D14F382CD}.Debug|Any CPU.ActiveCfg = Debug|Any CPU
		{443610D6-418B-4AEA-95A6-B11D14F382CD}.Debug|Any CPU.Build.0 = Debug|Any CPU
		{443610D6-418B-4AEA-95A6-B11D14F382CD}.Release|Any CPU.ActiveCfg = Release|Any CPU
		{443610D6-418B-4AEA-95A6-B11D14F382CD}.Release|Any CPU.Build.0 = Release|Any CPU
		{6DBD36A4-C36D-4D56-8106-5B3F8A151C0E}.Debug|Any CPU.ActiveCfg = Debug|Any CPU
		{6DBD36A4-C36D-4D56-8106-5B3F8A151C0E}.Debug|Any CPU.Build.0 = Debug|Any CPU
		{6DBD36A4-C36D-4D56-8106-5B3F8A151C0E}.Release|Any CPU.ActiveCfg = Debug|Any CPU
		{6DBD36A4-C36D-4D56-8106-5B3F8A151C0E}.Release|Any CPU.Build.0 = Debug|Any CPU
	EndGlobalSection
EndGlobal
